
Microsoft Visual Studio Solution File, Format Version 12.00
# Visual Studio Version 17
VisualStudioVersion = 17.7.34018.315
MinimumVisualStudioVersion = 10.0.40219.1
Project("{FAE04EC0-301F-11D3-BF4B-00C04F79EFBC}") = "Aula01_MediaAritimetica", "Aula01_MediaAritimetica\Aula01_MediaAritimetica.csproj", "{F7257E87-E341-4199-B1DC-C2A147109D9E}"
EndProject
Global
	GlobalSection(SolutionConfigurationPlatforms) = preSolution
		Debug|Any CPU = Debug|Any CPU
		Release|Any CPU = Release|Any CPU
	EndGlobalSection
	GlobalSection(ProjectConfigurationPlatforms) = postSolution
		{F7257E87-E341-4199-B1DC-C2A147109D9E}.Debug|Any CPU.ActiveCfg = Debug|Any CPU
		{F7257E87-E341-4199-B1DC-C2A147109D9E}.Debug|Any CPU.Build.0 = Debug|Any CPU
		{F7257E87-E341-4199-B1DC-C2A147109D9E}.Release|Any CPU.ActiveCfg = Release|Any CPU
		{F7257E87-E341-4199-B1DC-C2A147109D9E}.Release|Any CPU.Build.0 = Release|Any CPU
	EndGlobalSection
	GlobalSection(SolutionProperties) = preSolution
		HideSolutionNode = FALSE
	EndGlobalSection
	GlobalSection(ExtensibilityGlobals) = postSolution
		SolutionGuid = {0977C961-114C-4CC5-AFAA-A2BDA7966EFE}
	EndGlobalSection
EndGlobal
