
Microsoft Visual Studio Solution File, Format Version 12.00
# Visual Studio Version 17
VisualStudioVersion = 17.13.35919.96 d17.13
MinimumVisualStudioVersion = 10.0.40219.1
Project("{FAE04EC0-301F-11D3-BF4B-00C04F79EFBC}") = "ExerciciosFixação", "ExerciciosFixação.csproj", "{151CB641-0754-4739-AA1E-466AB68D3B89}"
EndProject
Global
	GlobalSection(SolutionConfigurationPlatforms) = preSolution
		Debug|Any CPU = Debug|Any CPU
		Release|Any CPU = Release|Any CPU
	EndGlobalSection
	GlobalSection(ProjectConfigurationPlatforms) = postSolution
		{151CB641-0754-4739-AA1E-466AB68D3B89}.Debug|Any CPU.ActiveCfg = Debug|Any CPU
		{151CB641-0754-4739-AA1E-466AB68D3B89}.Debug|Any CPU.Build.0 = Debug|Any CPU
		{151CB641-0754-4739-AA1E-466AB68D3B89}.Release|Any CPU.ActiveCfg = Release|Any CPU
		{151CB641-0754-4739-AA1E-466AB68D3B89}.Release|Any CPU.Build.0 = Release|Any CPU
	EndGlobalSection
	GlobalSection(SolutionProperties) = preSolution
		HideSolutionNode = FALSE
	EndGlobalSection
	GlobalSection(ExtensibilityGlobals) = postSolution
		SolutionGuid = {D0A98A54-E6F7-461F-8A58-4E548363F3C7}
	EndGlobalSection
EndGlobal
